
Microsoft Visual Studio Solution File, Format Version 12.00
# Visual Studio 15
VisualStudioVersion = 15.0.28307.572
MinimumVisualStudioVersion = 10.0.40219.1
Project("{FAE04EC0-301F-11D3-BF4B-00C04F79EFBC}") = "Cge.Msm.WebUI.Core", "Cge.Msm.WebUI.Core\Cge.Msm.WebUI.Core.csproj", "{84BBA24C-E9DD-4879-8824-FBB9FAACF351}"
EndProject
Global
	GlobalSection(SolutionConfigurationPlatforms) = preSolution
		Debug|Any CPU = Debug|Any CPU
		Release|Any CPU = Release|Any CPU
	EndGlobalSection
	GlobalSection(ProjectConfigurationPlatforms) = postSolution
		{84BBA24C-E9DD-4879-8824-FBB9FAACF351}.Debug|Any CPU.ActiveCfg = Debug|Any CPU
		{84BBA24C-E9DD-4879-8824-FBB9FAACF351}.Debug|Any CPU.Build.0 = Debug|Any CPU
		{84BBA24C-E9DD-4879-8824-FBB9FAACF351}.Release|Any CPU.ActiveCfg = Release|Any CPU
		{84BBA24C-E9DD-4879-8824-FBB9FAACF351}.Release|Any CPU.Build.0 = Release|Any CPU
	EndGlobalSection
	GlobalSection(SolutionProperties) = preSolution
		HideSolutionNode = FALSE
	EndGlobalSection
	GlobalSection(ExtensibilityGlobals) = postSolution
		SolutionGuid = {66473090-ED10-4A3A-9FAB-8E295BC7A338}
	EndGlobalSection
EndGlobal
